{"1.1.0",
[{<<"cowboy">>,{pkg,<<"cowboy">>,<<"2.3.0">>},0},
 {<<"cowlib">>,{pkg,<<"cowlib">>,<<"2.2.1">>},1},
 {<<"gun">>,{pkg,<<"gun">>,<<"1.0.0-pre.1">>},1},
 {<<"jiffy">>,{pkg,<<"jiffy">>,<<"0.15.1">>},0},
 {<<"quickrand">>,{pkg,<<"quickrand">>,<<"1.7.3">>},1},
 {<<"ranch">>,{pkg,<<"ranch">>,<<"1.4.0">>},1},
 {<<"shotgun">>,{pkg,<<"shotgun">>,<<"0.3.0">>},0},
 {<<"uuid">>,{pkg,<<"uuid_erl">>,<<"1.7.3">>},0}]}.
[
{pkg_hash,[
 {<<"cowboy">>, <<"268429481D6F41AD5564ADE4A2439C284B569083FCA0D19078AD4F56B4624724">>},
 {<<"cowlib">>, <<"1AFA5B233CEE8F642C153EC6F1DC48DB0DD9A43E2114BC8B43E9D59636F6AE1F">>},
 {<<"gun">>, <<"28514327A7572234633E127C1C14C5D91991BC26EC16D3707F05962A31F0C1B5">>},
 {<<"jiffy">>, <<"BE83B09388DA1A6C7E798207C9D6A1C4D71BB95FCC387D37D35861788F49AB97">>},
 {<<"quickrand">>, <<"0E4FB48FAC904FE0C6E21D7E8C31A288A0700E1E81A35B38B649FC119079755D">>},
 {<<"ranch">>, <<"10272F95DA79340FA7E8774BA7930B901713D272905D0012B06CA6D994F8826B">>},
 {<<"shotgun">>, <<"54EA3C243B65A935A3491A079A573C9D119A5EAF28BC2673893F8EEF66FDC053">>},
 {<<"uuid">>, <<"C5DF97D1A3D626235C2415E74053C47B2138BB863C5CD802AB5CAECB8ECC019F">>}]}
].
